
Microsoft Visual Studio Solution File, Format Version 12.00
# Visual Studio Version 16
VisualStudioVersion = 16.0.32002.261
MinimumVisualStudioVersion = 10.0.40219.1
Project("{FAE04EC0-301F-11D3-BF4B-00C04F79EFBC}") = "WCD_Project", "WCD_Project\WCD_Project.csproj", "{BC72E9F8-B219-4FD2-944F-61AAD1629527}"
EndProject
Global
	GlobalSection(SolutionConfigurationPlatforms) = preSolution
		Debug|Any CPU = Debug|Any CPU
		Release|Any CPU = Release|Any CPU
	EndGlobalSection
	GlobalSection(ProjectConfigurationPlatforms) = postSolution
		{BC72E9F8-B219-4FD2-944F-61AAD1629527}.Debug|Any CPU.ActiveCfg = Debug|Any CPU
		{BC72E9F8-B219-4FD2-944F-61AAD1629527}.Debug|Any CPU.Build.0 = Debug|Any CPU
		{BC72E9F8-B219-4FD2-944F-61AAD1629527}.Release|Any CPU.ActiveCfg = Release|Any CPU
		{BC72E9F8-B219-4FD2-944F-61AAD1629527}.Release|Any CPU.Build.0 = Release|Any CPU
	EndGlobalSection
	GlobalSection(SolutionProperties) = preSolution
		HideSolutionNode = FALSE
	EndGlobalSection
	GlobalSection(ExtensibilityGlobals) = postSolution
		SolutionGuid = {87974C83-E9F0-47CA-9EB9-6E60947D300A}
	EndGlobalSection
EndGlobal
